
Microsoft Visual Studio Solution File, Format Version 12.00
# Visual Studio Version 16
VisualStudioVersion = 16.0.29306.81
MinimumVisualStudioVersion = 10.0.40219.1
Project("{FAE04EC0-301F-11D3-BF4B-00C04F79EFBC}") = "Sistema Aduanero", "Sistema Aduanero\Sistema Aduanero.csproj", "{B37A68E9-ED28-4406-9DC7-EE8CC4BA66E2}"
EndProject
Global
	GlobalSection(SolutionConfigurationPlatforms) = preSolution
		Debug|Any CPU = Debug|Any CPU
		Release|Any CPU = Release|Any CPU
	EndGlobalSection
	GlobalSection(ProjectConfigurationPlatforms) = postSolution
		{B37A68E9-ED28-4406-9DC7-EE8CC4BA66E2}.Debug|Any CPU.ActiveCfg = Debug|Any CPU
		{B37A68E9-ED28-4406-9DC7-EE8CC4BA66E2}.Debug|Any CPU.Build.0 = Debug|Any CPU
		{B37A68E9-ED28-4406-9DC7-EE8CC4BA66E2}.Release|Any CPU.ActiveCfg = Release|Any CPU
		{B37A68E9-ED28-4406-9DC7-EE8CC4BA66E2}.Release|Any CPU.Build.0 = Release|Any CPU
	EndGlobalSection
	GlobalSection(SolutionProperties) = preSolution
		HideSolutionNode = FALSE
	EndGlobalSection
	GlobalSection(ExtensibilityGlobals) = postSolution
		SolutionGuid = {C0EC0434-F7BB-4D9A-88C5-4F84E3929D3B}
	EndGlobalSection
EndGlobal
